// !$*UTF8*$!
{
	archiveVersion = 1;
	classes = {
	};
	objectVersion = 46;
	objects = {

/* Begin PBXBuildFile section */
		768EC16E1EE9BD5E007ED317 /* AppDelegate.swift in Sources */ = {isa = PBXBuildFile; fileRef = 768EC16D1EE9BD5E007ED317 /* AppDelegate.swift */; };
		768EC1731EE9BD5E007ED317 /* Main.storyboard in Resources */ = {isa = PBXBuildFile; fileRef = 768EC1711EE9BD5E007ED317 /* Main.storyboard */; };
		768EC1751EE9BD5E007ED317 /* Assets.xcassets in Resources */ = {isa = PBXBuildFile; fileRef = 768EC1741EE9BD5E007ED317 /* Assets.xcassets */; };
		768EC1781EE9BD5E007ED317 /* LaunchScreen.storyboard in Resources */ = {isa = PBXBuildFile; fileRef = 768EC1761EE9BD5E007ED317 /* LaunchScreen.storyboard */; };
		768EC1801EEA270C007ED317 /* ChristmasPresentsTableViewController.swift in Sources */ = {isa = PBXBuildFile; fileRef = 768EC17F1EEA270C007ED317 /* ChristmasPresentsTableViewController.swift */; };
		768EC1821EEA2CB4007ED317 /* PresentsTableViewCell.swift in Sources */ = {isa = PBXBuildFile; fileRef = 768EC1811EEA2CB4007ED317 /* PresentsTableViewCell.swift */; };
		76A5EE741EEC062E0039BF4C /* PresentModel.xcdatamodeld in Sources */ = {isa = PBXBuildFile; fileRef = 76A5EE721EEC062E0039BF4C /* PresentModel.xcdatamodeld */; };
/* End PBXBuildFile section */

/* Begin PBXFileReference section */
		768EC16A1EE9BD5E007ED317 /* Present.app */ = {isa = PBXFileReference; explicitFileType = wrapper.application; includeInIndex = 0; path = Present.app; sourceTree = BUILT_PRODUCTS_DIR; };
		768EC16D1EE9BD5E007ED317 /* AppDelegate.swift */ = {isa = PBXFileReference; lastKnownFileType = sourcecode.swift; path = AppDelegate.swift; sourceTree = "<group>"; };
		768EC1721EE9BD5E007ED317 /* Base */ = {isa = PBXFileReference; lastKnownFileType = file.storyboard; name = Base; path = Base.lproj/Main.storyboard; sourceTree = "<group>"; };
		768EC1741EE9BD5E007ED317 /* Assets.xcassets */ = {isa = PBXFileReference; lastKnownFileType = folder.assetcatalog; path = Assets.xcassets; sourceTree = "<group>"; };
		768EC1771EE9BD5E007ED317 /* Base */ = {isa = PBXFileReference; lastKnownFileType = file.storyboard; name = Base; path = Base.lproj/LaunchScreen.storyboard; sourceTree = "<group>"; };
		768EC1791EE9BD5E007ED317 /* Info.plist */ = {isa = PBXFileReference; lastKnownFileType = text.plist.xml; path = Info.plist; sourceTree = "<group>"; };
		768EC17F1EEA270C007ED317 /* ChristmasPresentsTableViewController.swift */ = {isa = PBXFileReference; fileEncoding = 4; lastKnownFileType = sourcecode.swift; path = ChristmasPresentsTableViewController.swift; sourceTree = "<group>"; };
		768EC1811EEA2CB4007ED317 /* PresentsTableViewCell.swift */ = {isa = PBXFileReference; fileEncoding = 4; lastKnownFileType = sourcecode.swift; path = PresentsTableViewCell.swift; sourceTree = "<group>"; };
		76A5EE731EEC062E0039BF4C /* PresentModel.xcdatamodel */ = {isa = PBXFileReference; lastKnownFileType = wrapper.xcdatamodel; path = PresentModel.xcdatamodel; sourceTree = "<group>"; };
/* End PBXFileReference section */

/* Begin PBXFrameworksBuildPhase section */
		768EC1671EE9BD5E007ED317 /* Frameworks */ = {
			isa = PBXFrameworksBuildPhase;
			buildActionMask = 2147483647;
			files = (
			);
			runOnlyForDeploymentPostprocessing = 0;
		};
/* End PBXFrameworksBuildPhase section */

/* Begin PBXGroup section */
		768EC1611EE9BD5D007ED317 = {
			isa = PBXGroup;
			children = (
				768EC16C1EE9BD5E007ED317 /* Present */,
				768EC16B1EE9BD5E007ED317 /* Products */,
			);
			sourceTree = "<group>";
		};
		768EC16B1EE9BD5E007ED317 /* Products */ = {
			isa = PBXGroup;
			children = (
				768EC16A1EE9BD5E007ED317 /* Present.app */,
			);
			name = Products;
			sourceTree = "<group>";
		};
		768EC16C1EE9BD5E007ED317 /* Present */ = {
			isa = PBXGroup;
			children = (
				768EC16D1EE9BD5E007ED317 /* AppDelegate.swift */,
				768EC17F1EEA270C007ED317 /* ChristmasPresentsTableViewController.swift */,
				76A5EE721EEC062E0039BF4C /* PresentModel.xcdatamodeld */,
				768EC1811EEA2CB4007ED317 /* PresentsTableViewCell.swift */,
				768EC1711EE9BD5E007ED317 /* Main.storyboard */,
				768EC1741EE9BD5E007ED317 /* Assets.xcassets */,
				768EC1761EE9BD5E007ED317 /* LaunchScreen.storyboard */,
				768EC1791EE9BD5E007ED317 /* Info.plist */,
			);
			path = Present;
			sourceTree = "<group>";
		};
/* End PBXGroup section */

/* Begin PBXNativeTarget section */
		768EC1691EE9BD5E007ED317 /* Present */ = {
			isa = PBXNativeTarget;
			buildConfigurationList = 768EC17C1EE9BD5E007ED317 /* Build configuration list for PBXNativeTarget "Present" */;
			buildPhases = (
				768EC1661EE9BD5E007ED317 /* Sources */,
				768EC1671EE9BD5E007ED317 /* Frameworks */,
				768EC1681EE9BD5E007ED317 /* Resources */,
			);
			buildRules = (
			);
			dependencies = (
			);
			name = Present;
			productName = Present;
			productReference = 768EC16A1EE9BD5E007ED317 /* Present.app */;
			productType = "com.apple.product-type.application";
		};
/* End PBXNativeTarget section */

/* Begin PBXProject section */
		768EC1621EE9BD5D007ED317 /* Project object */ = {
			isa = PBXProject;
			attributes = {
				LastSwiftUpdateCheck = 0820;
				LastUpgradeCheck = 0820;
				ORGANIZATIONNAME = "Vasanthkumar V";
				TargetAttributes = {
					768EC1691EE9BD5E007ED317 = {
						CreatedOnToolsVersion = 8.2.1;
						DevelopmentTeam = 8338EVL7GS;
						ProvisioningStyle = Automatic;
					};
				};
			};
			buildConfigurationList = 768EC1651EE9BD5D007ED317 /* Build configuration list for PBXProject "Present" */;
			compatibilityVersion = "Xcode 3.2";
			developmentRegion = English;
			hasScannedForEncodings = 0;
			knownRegions = (
				en,
				Base,
			);
			mainGroup = 768EC1611EE9BD5D007ED317;
			productRefGroup = 768EC16B1EE9BD5E007ED317 /* Products */;
			projectDirPath = "";
			projectRoot = "";
			targets = (
				768EC1691EE9BD5E007ED317 /* Present */,
			);
		};
/* End PBXProject section */

/* Begin PBXResourcesBuildPhase section */
		768EC1681EE9BD5E007ED317 /* Resources */ = {
			isa = PBXResourcesBuildPhase;
			buildActionMask = 2147483647;
			files = (
				768EC1781EE9BD5E007ED317 /* LaunchScreen.storyboard in Resources */,
				768EC1751EE9BD5E007ED317 /* Assets.xcassets in Resources */,
				768EC1731EE9BD5E007ED317 /* Main.storyboard in Resources */,
			);
			runOnlyForDeploymentPostprocessing = 0;
		};
/* End PBXResourcesBuildPhase section */

/* Begin PBXSourcesBuildPhase section */
		768EC1661EE9BD5E007ED317 /* Sources */ = {
			isa = PBXSourcesBuildPhase;
			buildActionMask = 2147483647;
			files = (
				768EC1801EEA270C007ED317 /* ChristmasPresentsTableViewController.swift in Sources */,
				768EC16E1EE9BD5E007ED317 /* AppDelegate.swift in Sources */,
				768EC1821EEA2CB4007ED317 /* PresentsTableViewCell.swift in Sources */,
				76A5EE741EEC062E0039BF4C /* PresentModel.xcdatamodeld in Sources */,
			);
			runOnlyForDeploymentPostprocessing = 0;
		};
/* End PBXSourcesBuildPhase section */

/* Begin PBXVariantGroup section */
		768EC1711EE9BD5E007ED317 /* Main.storyboard */ = {
			isa = PBXVariantGroup;
			children = (
				768EC1721EE9BD5E007ED317 /* Base */,
			);
			name = Main.storyboard;
			sourceTree = "<group>";
		};
		768EC1761EE9BD5E007ED317 /* LaunchScreen.storyboard */ = {
			isa = PBXVariantGroup;
			children = (
				768EC1771EE9BD5E007ED317 /* Base */,
			);
			name = LaunchScreen.storyboard;
			sourceTree = "<group>";
		};
/* End PBXVariantGroup section */

/* Begin XCBuildConfiguration section */
		768EC17A1EE9BD5E007ED317 /* Debug */ = {
			isa = XCBuildConfiguration;
			buildSettings = {
				ALWAYS_SEARCH_USER_PATHS = NO;
				CLANG_ANALYZER_NONNULL = YES;
				CLANG_CXX_LANGUAGE_STANDARD = "gnu++0x";
				CLANG_CXX_LIBRARY = "libc++";
				CLANG_ENABLE_MODULES = YES;
				CLANG_ENABLE_OBJC_ARC = YES;
				CLANG_WARN_BOOL_CONVERSION = YES;
				CLANG_WARN_CONSTANT_CONVERSION = YES;
				CLANG_WARN_DIRECT_OBJC_ISA_USAGE = YES_ERROR;
				CLANG_WARN_DOCUMENTATION_COMMENTS = YES;
				CLANG_WARN_EMPTY_BODY = YES;
				CLANG_WARN_ENUM_CONVERSION = YES;
				CLANG_WARN_INFINITE_RECURSION = YES;
				CLANG_WARN_INT_CONVERSION = YES;
				CLANG_WARN_OBJC_ROOT_CLASS = YES_ERROR;
				CLANG_WARN_SUSPICIOUS_MOVE = YES;
				CLANG_WARN_UNREACHABLE_CODE = YES;
				CLANG_WARN__DUPLICATE_METHOD_MATCH = YES;
				"CODE_SIGN_IDENTITY[sdk=iphoneos*]" = "iPhone Developer";
				COPY_PHASE_STRIP = NO;
				DEBUG_INFORMATION_FORMAT = dwarf;
				ENABLE_STRICT_OBJC_MSGSEND = YES;
				ENABLE_TESTABILITY = YES;
				GCC_C_LANGUAGE_STANDARD = gnu99;
				GCC_DYNAMIC_NO_PIC = NO;
				GCC_NO_COMMON_BLOCKS = YES;
				GCC_OPTIMIZATION_LEVEL = 0;
				GCC_PREPROCESSOR_DEFINITIONS = (
					"DEBUG=1",
					"$(inherited)",
				);
				GCC_WARN_64_TO_32_BIT_CONVERSION = YES;
				GCC_WARN_ABOUT_RETURN_TYPE = YES_ERROR;
				GCC_WARN_UNDECLARED_SELECTOR = YES;
				GCC_WARN_UNINITIALIZED_AUTOS = YES_AGGRESSIVE;
				GCC_WARN_UNUSED_FUNCTION = YES;
				GCC_WARN_UNUSED_VARIABLE = YES;
				IPHONEOS_DEPLOYMENT_TARGET = 10.2;
				MTL_ENABLE_DEBUG_INFO = YES;
				ONLY_ACTIVE_ARCH = YES;
				SDKROOT = iphoneos;
				SWIFT_ACTIVE_COMPILATION_CONDITIONS = DEBUG;
				SWIFT_OPTIMIZATION_LEVEL = "-Onone";
				TARGETED_DEVICE_FAMILY = "1,2";
			};
			name = Debug;
		};
		768EC17B1EE9BD5E007ED317 /* Release */ = {
			isa = XCBuildConfiguration;
			buildSettings = {
				ALWAYS_SEARCH_USER_PATHS = NO;
				CLANG_ANALYZER_NONNULL = YES;
				CLANG_CXX_LANGUAGE_STANDARD = "gnu++0x";
				CLANG_CXX_LIBRARY = "libc++";
				CLANG_ENABLE_MODULES = YES;
				CLANG_ENABLE_OBJC_ARC = YES;
				CLANG_WARN_BOOL_CONVERSION = YES;
				CLANG_WARN_CONSTANT_CONVERSION = YES;
				CLANG_WARN_DIRECT_OBJC_ISA_USAGE = YES_ERROR;
				CLANG_WARN_DOCUMENTATION_COMMENTS = YES;
				CLANG_WARN_EMPTY_BODY = YES;
				CLANG_WARN_ENUM_CONVERSION = YES;
				CLANG_WARN_INFINITE_RECURSION = YES;
				CLANG_WARN_INT_CONVERSION = YES;
				CLANG_WARN_OBJC_ROOT_CLASS = YES_ERROR;
				CLANG_WARN_SUSPICIOUS_MOVE = YES;
				CLANG_WARN_UNREACHABLE_CODE = YES;
				CLANG_WARN__DUPLICATE_METHOD_MATCH = YES;
				"CODE_SIGN_IDENTITY[sdk=iphoneos*]" = "iPhone Developer";
				COPY_PHASE_STRIP = NO;
				DEBUG_INFORMATION_FORMAT = "dwarf-with-dsym";
				ENABLE_NS_ASSERTIONS = NO;
				ENABLE_STRICT_OBJC_MSGSEND = YES;
				GCC_C_LANGUAGE_STANDARD = gnu99;
				GCC_NO_COMMON_BLOCKS = YES;
				GCC_WARN_64_TO_32_BIT_CONVERSION = YES;
				GCC_WARN_ABOUT_RETURN_TYPE = YES_ERROR;
				GCC_WARN_UNDECLARED_SELECTOR = YES;
				GCC_WARN_UNINITIALIZED_AUTOS = YES_AGGRESSIVE;
				GCC_WARN_UNUSED_FUNCTION = YES;
				GCC_WARN_UNUSED_VARIABLE = YES;
				IPHONEOS_DEPLOYMENT_TARGET = 10.2;
				MTL_ENABLE_DEBUG_INFO = NO;
				SDKROOT = iphoneos;
				SWIFT_OPTIMIZATION_LEVEL = "-Owholemodule";
				TARGETED_DEVICE_FAMILY = "1,2";
				VALIDATE_PRODUCT = YES;
			};
			name = Release;
		};
		768EC17D1EE9BD5E007ED317 /* Debug */ = {
			isa = XCBuildConfiguration;
			buildSettings = {
				ASSETCATALOG_COMPILER_APPICON_NAME = AppIcon;
				DEVELOPMENT_TEAM = 8338EVL7GS;
				INFOPLIST_FILE = Present/Info.plist;
				LD_RUNPATH_SEARCH_PATHS = "$(inherited) @executable_path/Frameworks";
				PRODUCT_BUNDLE_IDENTIFIER = com.vvapps.Present;
				PRODUCT_NAME = "$(TARGET_NAME)";
				SWIFT_VERSION = 3.0;
			};
			name = Debug;
		};
		768EC17E1EE9BD5E007ED317 /* Release */ = {
			isa = XCBuildConfiguration;
			buildSettings = {
				ASSETCATALOG_COMPILER_APPICON_NAME = AppIcon;
				DEVELOPMENT_TEAM = 8338EVL7GS;
				INFOPLIST_FILE = Present/Info.plist;
				LD_RUNPATH_SEARCH_PATHS = "$(inherited) @executable_path/Frameworks";
				PRODUCT_BUNDLE_IDENTIFIER = com.vvapps.Present;
				PRODUCT_NAME = "$(TARGET_NAME)";
				SWIFT_VERSION = 3.0;
			};
			name = Release;
		};
/* End XCBuildConfiguration section */

/* Begin XCConfigurationList section */
		768EC1651EE9BD5D007ED317 /* Build configuration list for PBXProject "Present" */ = {
			isa = XCConfigurationList;
			buildConfigurations = (
				768EC17A1EE9BD5E007ED317 /* Debug */,
				768EC17B1EE9BD5E007ED317 /* Release */,
			);
			defaultConfigurationIsVisible = 0;
			defaultConfigurationName = Release;
		};
		768EC17C1EE9BD5E007ED317 /* Build configuration list for PBXNativeTarget "Present" */ = {
			isa = XCConfigurationList;
			buildConfigurations = (
				768EC17D1EE9BD5E007ED317 /* Debug */,
				768EC17E1EE9BD5E007ED317 /* Release */,
			);
			defaultConfigurationIsVisible = 0;
			defaultConfigurationName = Release;
		};
/* End XCConfigurationList section */

/* Begin XCVersionGroup section */
		76A5EE721EEC062E0039BF4C /* PresentModel.xcdatamodeld */ = {
			isa = XCVersionGroup;
			children = (
				76A5EE731EEC062E0039BF4C /* PresentModel.xcdatamodel */,
			);
			currentVersion = 76A5EE731EEC062E0039BF4C /* PresentModel.xcdatamodel */;
			path = PresentModel.xcdatamodeld;
			sourceTree = "<group>";
			versionGroupType = wrapper.xcdatamodel;
		};
/* End XCVersionGroup section */
	};
	rootObject = 768EC1621EE9BD5D007ED317 /* Project object */;
}
